
Microsoft Visual Studio Solution File, Format Version 12.00
# Visual Studio 15
VisualStudioVersion = 15.0.27130.2010
MinimumVisualStudioVersion = 10.0.40219.1
Project("{FAE04EC0-301F-11D3-BF4B-00C04F79EFBC}") = "Bad People", "Bad People.csproj", "{07FF4866-29B2-41AE-B243-6583F1B3BD56}"
EndProject
Global
	GlobalSection(SolutionConfigurationPlatforms) = preSolution
		Debug|Any CPU = Debug|Any CPU
		Release|Any CPU = Release|Any CPU
	EndGlobalSection
	GlobalSection(ProjectConfigurationPlatforms) = postSolution
		{07FF4866-29B2-41AE-B243-6583F1B3BD56}.Debug|Any CPU.ActiveCfg = Debug|Any CPU
		{07FF4866-29B2-41AE-B243-6583F1B3BD56}.Debug|Any CPU.Build.0 = Debug|Any CPU
		{07FF4866-29B2-41AE-B243-6583F1B3BD56}.Release|Any CPU.ActiveCfg = Release|Any CPU
		{07FF4866-29B2-41AE-B243-6583F1B3BD56}.Release|Any CPU.Build.0 = Release|Any CPU
	EndGlobalSection
	GlobalSection(SolutionProperties) = preSolution
		HideSolutionNode = FALSE
	EndGlobalSection
	GlobalSection(ExtensibilityGlobals) = postSolution
		SolutionGuid = {54088339-726D-49C1-8E68-A3E4AABCA02A}
	EndGlobalSection
EndGlobal
